// !$*UTF8*$!
{
	archiveVersion = 1;
	classes = {
	};
	objectVersion = 46;
	objects = {

/* Begin PBXBuildFile section */
		FB4BC38F1A7B619600752EEB /* main.m in Sources */ = {isa = PBXBuildFile; fileRef = FB4BC38E1A7B619600752EEB /* main.m */; };
		FB4BC3921A7B619600752EEB /* AppDelegate.m in Sources */ = {isa = PBXBuildFile; fileRef = FB4BC3911A7B619600752EEB /* AppDelegate.m */; };
		FB4BC3951A7B619600752EEB /* ViewController.m in Sources */ = {isa = PBXBuildFile; fileRef = FB4BC3941A7B619600752EEB /* ViewController.m */; };
		FB4BC3981A7B619600752EEB /* Main.storyboard in Resources */ = {isa = PBXBuildFile; fileRef = FB4BC3961A7B619600752EEB /* Main.storyboard */; };
		FB4BC39A1A7B619600752EEB /* Images.xcassets in Resources */ = {isa = PBXBuildFile; fileRef = FB4BC3991A7B619600752EEB /* Images.xcassets */; };
		FB4BC39D1A7B619600752EEB /* LaunchScreen.xib in Resources */ = {isa = PBXBuildFile; fileRef = FB4BC39B1A7B619600752EEB /* LaunchScreen.xib */; };
		FB4BC3A91A7B619600752EEB /* bbbbbTests.m in Sources */ = {isa = PBXBuildFile; fileRef = FB4BC3A81A7B619600752EEB /* bbbbbTests.m */; };
/* End PBXBuildFile section */

/* Begin PBXContainerItemProxy section */
		FB4BC3A31A7B619600752EEB /* PBXContainerItemProxy */ = {
			isa = PBXContainerItemProxy;
			containerPortal = FB4BC3811A7B619600752EEB /* Project object */;
			proxyType = 1;
			remoteGlobalIDString = FB4BC3881A7B619600752EEB;
			remoteInfo = bbbbb;
		};
/* End PBXContainerItemProxy section */

/* Begin PBXFileReference section */
		FB4BC3891A7B619600752EEB /* bbbbb.app */ = {isa = PBXFileReference; explicitFileType = wrapper.application; includeInIndex = 0; path = bbbbb.app; sourceTree = BUILT_PRODUCTS_DIR; };
		FB4BC38D1A7B619600752EEB /* Info.plist */ = {isa = PBXFileReference; lastKnownFileType = text.plist.xml; path = Info.plist; sourceTree = "<group>"; };
		FB4BC38E1A7B619600752EEB /* main.m */ = {isa = PBXFileReference; lastKnownFileType = sourcecode.c.objc; path = main.m; sourceTree = "<group>"; };
		FB4BC3901A7B619600752EEB /* AppDelegate.h */ = {isa = PBXFileReference; lastKnownFileType = sourcecode.c.h; path = AppDelegate.h; sourceTree = "<group>"; };
		FB4BC3911A7B619600752EEB /* AppDelegate.m */ = {isa = PBXFileReference; lastKnownFileType = sourcecode.c.objc; path = AppDelegate.m; sourceTree = "<group>"; };
		FB4BC3931A7B619600752EEB /* ViewController.h */ = {isa = PBXFileReference; lastKnownFileType = sourcecode.c.h; path = ViewController.h; sourceTree = "<group>"; };
		FB4BC3941A7B619600752EEB /* ViewController.m */ = {isa = PBXFileReference; lastKnownFileType = sourcecode.c.objc; path = ViewController.m; sourceTree = "<group>"; };
		FB4BC3971A7B619600752EEB /* Base */ = {isa = PBXFileReference; lastKnownFileType = file.storyboard; name = Base; path = Base.lproj/Main.storyboard; sourceTree = "<group>"; };
		FB4BC3991A7B619600752EEB /* Images.xcassets */ = {isa = PBXFileReference; lastKnownFileType = folder.assetcatalog; path = Images.xcassets; sourceTree = "<group>"; };
		FB4BC39C1A7B619600752EEB /* Base */ = {isa = PBXFileReference; lastKnownFileType = file.xib; name = Base; path = Base.lproj/LaunchScreen.xib; sourceTree = "<group>"; };
		FB4BC3A21A7B619600752EEB /* bbbbbTests.xctest */ = {isa = PBXFileReference; explicitFileType = wrapper.cfbundle; includeInIndex = 0; path = bbbbbTests.xctest; sourceTree = BUILT_PRODUCTS_DIR; };
		FB4BC3A71A7B619600752EEB /* Info.plist */ = {isa = PBXFileReference; lastKnownFileType = text.plist.xml; path = Info.plist; sourceTree = "<group>"; };
		FB4BC3A81A7B619600752EEB /* bbbbbTests.m */ = {isa = PBXFileReference; lastKnownFileType = sourcecode.c.objc; path = bbbbbTests.m; sourceTree = "<group>"; };
/* End PBXFileReference section */

/* Begin PBXFrameworksBuildPhase section */
		FB4BC3861A7B619600752EEB /* Frameworks */ = {
			isa = PBXFrameworksBuildPhase;
			buildActionMask = 2147483647;
			files = (
			);
			runOnlyForDeploymentPostprocessing = 0;
		};
		FB4BC39F1A7B619600752EEB /* Frameworks */ = {
			isa = PBXFrameworksBuildPhase;
			buildActionMask = 2147483647;
			files = (
			);
			runOnlyForDeploymentPostprocessing = 0;
		};
/* End PBXFrameworksBuildPhase section */

/* Begin PBXGroup section */
		FB4BC3801A7B619600752EEB = {
			isa = PBXGroup;
			children = (
				FB4BC38B1A7B619600752EEB /* bbbbb */,
				FB4BC3A51A7B619600752EEB /* bbbbbTests */,
				FB4BC38A1A7B619600752EEB /* Products */,
			);
			sourceTree = "<group>";
		};
		FB4BC38A1A7B619600752EEB /* Products */ = {
			isa = PBXGroup;
			children = (
				FB4BC3891A7B619600752EEB /* bbbbb.app */,
				FB4BC3A21A7B619600752EEB /* bbbbbTests.xctest */,
			);
			name = Products;
			sourceTree = "<group>";
		};
		FB4BC38B1A7B619600752EEB /* bbbbb */ = {
			isa = PBXGroup;
			children = (
				FB4BC3901A7B619600752EEB /* AppDelegate.h */,
				FB4BC3911A7B619600752EEB /* AppDelegate.m */,
				FB4BC3931A7B619600752EEB /* ViewController.h */,
				FB4BC3941A7B619600752EEB /* ViewController.m */,
				FB4BC3961A7B619600752EEB /* Main.storyboard */,
				FB4BC3991A7B619600752EEB /* Images.xcassets */,
				FB4BC39B1A7B619600752EEB /* LaunchScreen.xib */,
				FB4BC38C1A7B619600752EEB /* Supporting Files */,
			);
			path = bbbbb;
			sourceTree = "<group>";
		};
		FB4BC38C1A7B619600752EEB /* Supporting Files */ = {
			isa = PBXGroup;
			children = (
				FB4BC38D1A7B619600752EEB /* Info.plist */,
				FB4BC38E1A7B619600752EEB /* main.m */,
			);
			name = "Supporting Files";
			sourceTree = "<group>";
		};
		FB4BC3A51A7B619600752EEB /* bbbbbTests */ = {
			isa = PBXGroup;
			children = (
				FB4BC3A81A7B619600752EEB /* bbbbbTests.m */,
				FB4BC3A61A7B619600752EEB /* Supporting Files */,
			);
			path = bbbbbTests;
			sourceTree = "<group>";
		};
		FB4BC3A61A7B619600752EEB /* Supporting Files */ = {
			isa = PBXGroup;
			children = (
				FB4BC3A71A7B619600752EEB /* Info.plist */,
			);
			name = "Supporting Files";
			sourceTree = "<group>";
		};
/* End PBXGroup section */

/* Begin PBXNativeTarget section */
		FB4BC3881A7B619600752EEB /* bbbbb */ = {
			isa = PBXNativeTarget;
			buildConfigurationList = FB4BC3AC1A7B619600752EEB /* Build configuration list for PBXNativeTarget "bbbbb" */;
			buildPhases = (
				FB4BC3851A7B619600752EEB /* Sources */,
				FB4BC3861A7B619600752EEB /* Frameworks */,
				FB4BC3871A7B619600752EEB /* Resources */,
			);
			buildRules = (
			);
			dependencies = (
			);
			name = bbbbb;
			productName = bbbbb;
			productReference = FB4BC3891A7B619600752EEB /* bbbbb.app */;
			productType = "com.apple.product-type.application";
		};
		FB4BC3A11A7B619600752EEB /* bbbbbTests */ = {
			isa = PBXNativeTarget;
			buildConfigurationList = FB4BC3AF1A7B619600752EEB /* Build configuration list for PBXNativeTarget "bbbbbTests" */;
			buildPhases = (
				FB4BC39E1A7B619600752EEB /* Sources */,
				FB4BC39F1A7B619600752EEB /* Frameworks */,
				FB4BC3A01A7B619600752EEB /* Resources */,
			);
			buildRules = (
			);
			dependencies = (
				FB4BC3A41A7B619600752EEB /* PBXTargetDependency */,
			);
			name = bbbbbTests;
			productName = bbbbbTests;
			productReference = FB4BC3A21A7B619600752EEB /* bbbbbTests.xctest */;
			productType = "com.apple.product-type.bundle.unit-test";
		};
/* End PBXNativeTarget section */

/* Begin PBXProject section */
		FB4BC3811A7B619600752EEB /* Project object */ = {
			isa = PBXProject;
			attributes = {
				LastUpgradeCheck = 0610;
				ORGANIZATIONNAME = leYuan;
				TargetAttributes = {
					FB4BC3881A7B619600752EEB = {
						CreatedOnToolsVersion = 6.1.1;
					};
					FB4BC3A11A7B619600752EEB = {
						CreatedOnToolsVersion = 6.1.1;
						TestTargetID = FB4BC3881A7B619600752EEB;
					};
				};
			};
			buildConfigurationList = FB4BC3841A7B619600752EEB /* Build configuration list for PBXProject "bbbbb" */;
			compatibilityVersion = "Xcode 3.2";
			developmentRegion = English;
			hasScannedForEncodings = 0;
			knownRegions = (
				en,
				Base,
			);
			mainGroup = FB4BC3801A7B619600752EEB;
			productRefGroup = FB4BC38A1A7B619600752EEB /* Products */;
			projectDirPath = "";
			projectRoot = "";
			targets = (
				FB4BC3881A7B619600752EEB /* bbbbb */,
				FB4BC3A11A7B619600752EEB /* bbbbbTests */,
			);
		};
/* End PBXProject section */

/* Begin PBXResourcesBuildPhase section */
		FB4BC3871A7B619600752EEB /* Resources */ = {
			isa = PBXResourcesBuildPhase;
			buildActionMask = 2147483647;
			files = (
				FB4BC3981A7B619600752EEB /* Main.storyboard in Resources */,
				FB4BC39D1A7B619600752EEB /* LaunchScreen.xib in Resources */,
				FB4BC39A1A7B619600752EEB /* Images.xcassets in Resources */,
			);
			runOnlyForDeploymentPostprocessing = 0;
		};
		FB4BC3A01A7B619600752EEB /* Resources */ = {
			isa = PBXResourcesBuildPhase;
			buildActionMask = 2147483647;
			files = (
			);
			runOnlyForDeploymentPostprocessing = 0;
		};
/* End PBXResourcesBuildPhase section */

/* Begin PBXSourcesBuildPhase section */
		FB4BC3851A7B619600752EEB /* Sources */ = {
			isa = PBXSourcesBuildPhase;
			buildActionMask = 2147483647;
			files = (
				FB4BC3951A7B619600752EEB /* ViewController.m in Sources */,
				FB4BC3921A7B619600752EEB /* AppDelegate.m in Sources */,
				FB4BC38F1A7B619600752EEB /* main.m in Sources */,
			);
			runOnlyForDeploymentPostprocessing = 0;
		};
		FB4BC39E1A7B619600752EEB /* Sources */ = {
			isa = PBXSourcesBuildPhase;
			buildActionMask = 2147483647;
			files = (
				FB4BC3A91A7B619600752EEB /* bbbbbTests.m in Sources */,
			);
			runOnlyForDeploymentPostprocessing = 0;
		};
/* End PBXSourcesBuildPhase section */

/* Begin PBXTargetDependency section */
		FB4BC3A41A7B619600752EEB /* PBXTargetDependency */ = {
			isa = PBXTargetDependency;
			target = FB4BC3881A7B619600752EEB /* bbbbb */;
			targetProxy = FB4BC3A31A7B619600752EEB /* PBXContainerItemProxy */;
		};
/* End PBXTargetDependency section */

/* Begin PBXVariantGroup section */
		FB4BC3961A7B619600752EEB /* Main.storyboard */ = {
			isa = PBXVariantGroup;
			children = (
				FB4BC3971A7B619600752EEB /* Base */,
			);
			name = Main.storyboard;
			sourceTree = "<group>";
		};
		FB4BC39B1A7B619600752EEB /* LaunchScreen.xib */ = {
			isa = PBXVariantGroup;
			children = (
				FB4BC39C1A7B619600752EEB /* Base */,
			);
			name = LaunchScreen.xib;
			sourceTree = "<group>";
		};
/* End PBXVariantGroup section */

/* Begin XCBuildConfiguration section */
		FB4BC3AA1A7B619600752EEB /* Debug */ = {
			isa = XCBuildConfiguration;
			buildSettings = {
				ALWAYS_SEARCH_USER_PATHS = NO;
				CLANG_CXX_LANGUAGE_STANDARD = "gnu++0x";
				CLANG_CXX_LIBRARY = "libc++";
				CLANG_ENABLE_MODULES = YES;
				CLANG_ENABLE_OBJC_ARC = YES;
				CLANG_WARN_BOOL_CONVERSION = YES;
				CLANG_WARN_CONSTANT_CONVERSION = YES;
				CLANG_WARN_DIRECT_OBJC_ISA_USAGE = YES_ERROR;
				CLANG_WARN_EMPTY_BODY = YES;
				CLANG_WARN_ENUM_CONVERSION = YES;
				CLANG_WARN_INT_CONVERSION = YES;
				CLANG_WARN_OBJC_ROOT_CLASS = YES_ERROR;
				CLANG_WARN_UNREACHABLE_CODE = YES;
				CLANG_WARN__DUPLICATE_METHOD_MATCH = YES;
				"CODE_SIGN_IDENTITY[sdk=iphoneos*]" = "iPhone Developer";
				COPY_PHASE_STRIP = NO;
				ENABLE_STRICT_OBJC_MSGSEND = YES;
				GCC_C_LANGUAGE_STANDARD = gnu99;
				GCC_DYNAMIC_NO_PIC = NO;
				GCC_OPTIMIZATION_LEVEL = 0;
				GCC_PREPROCESSOR_DEFINITIONS = (
					"DEBUG=1",
					"$(inherited)",
				);
				GCC_SYMBOLS_PRIVATE_EXTERN = NO;
				GCC_WARN_64_TO_32_BIT_CONVERSION = YES;
				GCC_WARN_ABOUT_RETURN_TYPE = YES_ERROR;
				GCC_WARN_UNDECLARED_SELECTOR = YES;
				GCC_WARN_UNINITIALIZED_AUTOS = YES_AGGRESSIVE;
				GCC_WARN_UNUSED_FUNCTION = YES;
				GCC_WARN_UNUSED_VARIABLE = YES;
				IPHONEOS_DEPLOYMENT_TARGET = 8.1;
				MTL_ENABLE_DEBUG_INFO = YES;
				ONLY_ACTIVE_ARCH = YES;
				SDKROOT = iphoneos;
			};
			name = Debug;
		};
		FB4BC3AB1A7B619600752EEB /* Release */ = {
			isa = XCBuildConfiguration;
			buildSettings = {
				ALWAYS_SEARCH_USER_PATHS = NO;
				CLANG_CXX_LANGUAGE_STANDARD = "gnu++0x";
				CLANG_CXX_LIBRARY = "libc++";
				CLANG_ENABLE_MODULES = YES;
				CLANG_ENABLE_OBJC_ARC = YES;
				CLANG_WARN_BOOL_CONVERSION = YES;
				CLANG_WARN_CONSTANT_CONVERSION = YES;
				CLANG_WARN_DIRECT_OBJC_ISA_USAGE = YES_ERROR;
				CLANG_WARN_EMPTY_BODY = YES;
				CLANG_WARN_ENUM_CONVERSION = YES;
				CLANG_WARN_INT_CONVERSION = YES;
				CLANG_WARN_OBJC_ROOT_CLASS = YES_ERROR;
				CLANG_WARN_UNREACHABLE_CODE = YES;
				CLANG_WARN__DUPLICATE_METHOD_MATCH = YES;
				"CODE_SIGN_IDENTITY[sdk=iphoneos*]" = "iPhone Developer";
				COPY_PHASE_STRIP = YES;
				ENABLE_NS_ASSERTIONS = NO;
				ENABLE_STRICT_OBJC_MSGSEND = YES;
				GCC_C_LANGUAGE_STANDARD = gnu99;
				GCC_WARN_64_TO_32_BIT_CONVERSION = YES;
				GCC_WARN_ABOUT_RETURN_TYPE = YES_ERROR;
				GCC_WARN_UNDECLARED_SELECTOR = YES;
				GCC_WARN_UNINITIALIZED_AUTOS = YES_AGGRESSIVE;
				GCC_WARN_UNUSED_FUNCTION = YES;
				GCC_WARN_UNUSED_VARIABLE = YES;
				IPHONEOS_DEPLOYMENT_TARGET = 8.1;
				MTL_ENABLE_DEBUG_INFO = NO;
				SDKROOT = iphoneos;
				VALIDATE_PRODUCT = YES;
			};
			name = Release;
		};
		FB4BC3AD1A7B619600752EEB /* Debug */ = {
			isa = XCBuildConfiguration;
			buildSettings = {
				ASSETCATALOG_COMPILER_APPICON_NAME = AppIcon;
				INFOPLIST_FILE = bbbbb/Info.plist;
				LD_RUNPATH_SEARCH_PATHS = "$(inherited) @executable_path/Frameworks";
				PRODUCT_NAME = "$(TARGET_NAME)";
			};
			name = Debug;
		};
		FB4BC3AE1A7B619600752EEB /* Release */ = {
			isa = XCBuildConfiguration;
			buildSettings = {
				ASSETCATALOG_COMPILER_APPICON_NAME = AppIcon;
				INFOPLIST_FILE = bbbbb/Info.plist;
				LD_RUNPATH_SEARCH_PATHS = "$(inherited) @executable_path/Frameworks";
				PRODUCT_NAME = "$(TARGET_NAME)";
			};
			name = Release;
		};
		FB4BC3B01A7B619600752EEB /* Debug */ = {
			isa = XCBuildConfiguration;
			buildSettings = {
				BUNDLE_LOADER = "$(TEST_HOST)";
				FRAMEWORK_SEARCH_PATHS = (
					"$(SDKROOT)/Developer/Library/Frameworks",
					"$(inherited)",
				);
				GCC_PREPROCESSOR_DEFINITIONS = (
					"DEBUG=1",
					"$(inherited)",
				);
				INFOPLIST_FILE = bbbbbTests/Info.plist;
				LD_RUNPATH_SEARCH_PATHS = "$(inherited) @executable_path/Frameworks @loader_path/Frameworks";
				PRODUCT_NAME = "$(TARGET_NAME)";
				TEST_HOST = "$(BUILT_PRODUCTS_DIR)/bbbbb.app/bbbbb";
			};
			name = Debug;
		};
		FB4BC3B11A7B619600752EEB /* Release */ = {
			isa = XCBuildConfiguration;
			buildSettings = {
				BUNDLE_LOADER = "$(TEST_HOST)";
				FRAMEWORK_SEARCH_PATHS = (
					"$(SDKROOT)/Developer/Library/Frameworks",
					"$(inherited)",
				);
				INFOPLIST_FILE = bbbbbTests/Info.plist;
				LD_RUNPATH_SEARCH_PATHS = "$(inherited) @executable_path/Frameworks @loader_path/Frameworks";
				PRODUCT_NAME = "$(TARGET_NAME)";
				TEST_HOST = "$(BUILT_PRODUCTS_DIR)/bbbbb.app/bbbbb";
			};
			name = Release;
		};
/* End XCBuildConfiguration section */

/* Begin XCConfigurationList section */
		FB4BC3841A7B619600752EEB /* Build configuration list for PBXProject "bbbbb" */ = {
			isa = XCConfigurationList;
			buildConfigurations = (
				FB4BC3AA1A7B619600752EEB /* Debug */,
				FB4BC3AB1A7B619600752EEB /* Release */,
			);
			defaultConfigurationIsVisible = 0;
			defaultConfigurationName = Release;
		};
		FB4BC3AC1A7B619600752EEB /* Build configuration list for PBXNativeTarget "bbbbb" */ = {
			isa = XCConfigurationList;
			buildConfigurations = (
				FB4BC3AD1A7B619600752EEB /* Debug */,
				FB4BC3AE1A7B619600752EEB /* Release */,
			);
			defaultConfigurationIsVisible = 0;
		};
		FB4BC3AF1A7B619600752EEB /* Build configuration list for PBXNativeTarget "bbbbbTests" */ = {
			isa = XCConfigurationList;
			buildConfigurations = (
				FB4BC3B01A7B619600752EEB /* Debug */,
				FB4BC3B11A7B619600752EEB /* Release */,
			);
			defaultConfigurationIsVisible = 0;
		};
/* End XCConfigurationList section */
	};
	rootObject = FB4BC3811A7B619600752EEB /* Project object */;
}
